---
lockfileVersion: '9.0'

importers:
  .:
    configDependencies: {}
    packageManagerDependencies:
      pnpm:
        specifier: 12.4.2
        version: 12.4.2

packages:
  '@pnpm/exe.android-arm64@12.4.2':
    resolution:
      {
        integrity: sha512-E255MbcQ0V1577M2BV0ajWuP7KmTPYA0jqZnk3rK6Lq3kTvZWulMMb7iqRmnLsQbyWTkMEB2CfyM70loVDA8xg==,
      }
    cpu: [arm64]
    os: [android]

  '@pnpm/exe.android-x64@12.4.2':
    resolution:
      {
        integrity: sha512-J1pSeCUwuKxMG70ZzpWn8JzElxiEa8NN/3N0SlZRtU2xbztChaJCKF3HaBNIj9yPfeofWzJo/lwNvDDjraQuZw==,
      }
    cpu: [x64]
    os: [android]

  '@pnpm/exe.darwin-arm64@12.4.2':
    resolution:
      {
        integrity: sha512-A0WDo8iErfZBXgrLseQxw8i8Y9ctUpOEl/Uu+cubnTzpD8tT9ykIB548L8YTM2WD4OS+ZOHSxy8aGZcvKq8PaQ==,
      }
    cpu: [arm64]
    os: [darwin]

  '@pnpm/exe.darwin-x64@12.4.2':
    resolution:
      {
        integrity: sha512-MSgJdovBWHcb5DEOvfPH9yNi/T5O1Xa4ess+E1ESGo/5yuty7S4JoiIjami+fsNXfnoQMlwsMUqYU4zAvBcNCw==,
      }
    cpu: [x64]
    os: [darwin]

  '@pnpm/exe.freebsd-x64@12.4.2':
    resolution:
      {
        integrity: sha512-h2YumlQSNvgbRPv+RXwABohX65f9bOBZn+jMIt7bFDISZPCzQ+Nvpt6Awbp4ip5PwQgYxbu5iREJ1fHE39Fm8A==,
      }
    cpu: [x64]
    os: [freebsd]

  '@pnpm/exe.linux-arm64-musl@12.4.2':
    resolution:
      {
        integrity: sha512-LwSEtSEDTv6S51YLs3YvSkPyun/QmfMic1UGICUkPWFu6ByP43RdMlkKvmVkfGhAYCpnxO057vrmyJqtfZrPCA==,
      }
    cpu: [arm64]
    os: [linux]
    libc: [musl]

  '@pnpm/exe.linux-arm64@12.4.2':
    resolution:
      {
        integrity: sha512-2dSiDXyhx+RTHsewxex8f/jVjqQXWJ2oow4kCVHEWdZKeBpgMxvZ6fHkTAUBJXgqhbKIDHvuNlZBP7gJfUWL5A==,
      }
    cpu: [arm64]
    os: [linux]
    libc: [glibc]

  '@pnpm/exe.linux-ppc64@12.4.2':
    resolution:
      {
        integrity: sha512-8Itc+jQk+MTz04LS9D1RcH+VctAWmzM4l1cJQ+Sx7pAJNo7EKHdRMbC0Tok1jyQ7eEHNJZD5EleYneZqWfZM+g==,
      }
    cpu: [ppc64]
    os: [linux]
    libc: [glibc]

  '@pnpm/exe.linux-riscv64@12.4.2':
    resolution:
      {
        integrity: sha512-hleOeqhTVpH+z9RVMGnxvU4ZnrkBUClWjCbHD9u6kwyqhGSpevoU1wTGish+CBRhmIgMAy9pAfFpqhbAKOKNfw==,
      }
    cpu: [riscv64]
    os: [linux]
    libc: [glibc]

  '@pnpm/exe.linux-s390x@12.4.2':
    resolution:
      {
        integrity: sha512-LAsQRRdP9aToENR6dtcIJ9l+e1zMYOX0tQcLGpRyLPVBQcYRLlvAPcmDshsiIHQjp05SDa9FI0czX1ZQ1a7a/A==,
      }
    cpu: [s390x]
    os: [linux]
    libc: [glibc]

  '@pnpm/exe.linux-x64-musl@12.4.2':
    resolution:
      {
        integrity: sha512-kzfzH2/0BWdTABK14Yj5a1xsdkTEQUp2eXEPNakaD9jKL025lq3hyaKHIz/gIZaPDMe/1bFFK/En4ztFlbBJxw==,
      }
    cpu: [x64]
    os: [linux]
    libc: [musl]

  '@pnpm/exe.linux-x64@12.4.2':
    resolution:
      {
        integrity: sha512-/pbt0UVTa8NMDhzOWLQRfZ6G9ROKXlJPZtx845BqyWfc7hCrWXhTLBd70yO2y8+E+IWN3oHM1s/JsIQNGk1yvg==,
      }
    cpu: [x64]
    os: [linux]
    libc: [glibc]

  '@pnpm/exe.win32-arm64@12.4.2':
    resolution:
      {
        integrity: sha512-PsW19e4dAUNpZ0cS9flaxFuAmpt2dKlH/Vvi8TZ4qyJjjQzue/CEsWm+6wKVP4CJ7IT8RdL4qh+soOPWIgF2Zw==,
      }
    cpu: [arm64]
    os: [win32]

  '@pnpm/exe.win32-x64@12.4.2':
    resolution:
      {
        integrity: sha512-+xGoeE0g55ztWvl8i5QqdmNfW3nIrTVcoQrNshEOwxthm9Ag48oXton3uxOA3/SANyz5AXexEjj2KO20NnOrEw==,
      }
    cpu: [x64]
    os: [win32]

  pnpm@12.4.2:
    resolution:
      {
        integrity: sha512-CK3GYTGAJ1x8ntraOdzwjJxhrU5+rzMKTzRh8QKw+QdCNFTRF/mOctR/7wYWBwZE17/8lzpqV/UJCm18NosHyQ==,
      }
    engines: { node: '>=18.*' }
    hasBin: true

snapshots:
  '@pnpm/exe.android-arm64@12.4.2':
    optional: true

  '@pnpm/exe.android-x64@12.4.2':
    optional: true

  '@pnpm/exe.darwin-arm64@12.4.2':
    optional: true

  '@pnpm/exe.darwin-x64@12.4.2':
    optional: true

  '@pnpm/exe.freebsd-x64@12.4.2':
    optional: true

  '@pnpm/exe.linux-arm64-musl@12.4.2':
    optional: true

  '@pnpm/exe.linux-arm64@12.4.2':
    optional: true

  '@pnpm/exe.linux-ppc64@12.4.2':
    optional: true

  '@pnpm/exe.linux-riscv64@12.4.2':
    optional: true

  '@pnpm/exe.linux-s390x@12.4.2':
    optional: true

  '@pnpm/exe.linux-x64-musl@12.4.2':
    optional: true

  '@pnpm/exe.linux-x64@12.4.2':
    optional: true

  '@pnpm/exe.win32-arm64@12.4.2':
    optional: true

  '@pnpm/exe.win32-x64@12.4.2':
    optional: true

  pnpm@12.4.2:
    optionalDependencies:
      '@pnpm/exe.android-arm64': 12.4.2
      '@pnpm/exe.android-x64': 12.4.2
      '@pnpm/exe.darwin-arm64': 12.4.2
      '@pnpm/exe.darwin-x64': 12.4.2
      '@pnpm/exe.freebsd-x64': 12.4.2
      '@pnpm/exe.linux-arm64': 12.4.2
      '@pnpm/exe.linux-arm64-musl': 12.4.2
      '@pnpm/exe.linux-ppc64': 12.4.2
      '@pnpm/exe.linux-riscv64': 12.4.2
      '@pnpm/exe.linux-s390x': 12.4.2
      '@pnpm/exe.linux-x64': 12.4.2
      '@pnpm/exe.linux-x64-musl': 12.4.2
      '@pnpm/exe.win32-arm64': 12.4.2
      '@pnpm/exe.win32-x64': 12.4.2

---
lockfileVersion: '9.0'

settings:
  autoInstallPeers: true
  excludeLinksFromLockfile: false

importers:
  .:
    devDependencies:
      is-number:
        specifier: ^7.0.0
        version: 7.0.0

  packages/a:
    dependencies:
      '@fixture/b':
        specifier: workspace:^
        version: link:../b
      my-alias:
        specifier: npm:is-odd@^3.0.0
        version: is-odd@3.0.1
      react:
        specifier: ^18.3.1
        version: 18.3.1
      react-dom:
        specifier: ^18.3.1
        version: 18.3.1(react@18.3.1)
    optionalDependencies:
      kind-of:
        specifier: ^6.0.0
        version: 6.0.2

  packages/b:
    dependencies:
      is-odd:
        specifier: ^3.0.0
        version: 3.0.1

packages:
  is-number@6.0.0:
    resolution:
      {
        integrity: sha512-Wu1VHeILBK8KAWJUAiSZQX94GmOE45Rg6/538fKwiloUu21KncEkYGPqob2oSZ5mUT73vLGrHQjKw3KMPwfDzg==,
      }
    engines: { node: '>=0.10.0' }

  is-number@7.0.0:
    resolution:
      {
        integrity: sha512-41Cifkg6e8TylSpdtTpeLVMqvSBEVzTttHvERD741+pnZ8ANv0004MRL43QKPDlK9cGvNp6NZWZUBlbGXYxxng==,
      }
    engines: { node: '>=0.12.0' }

  is-odd@3.0.1:
    resolution:
      {
        integrity: sha512-CQpnWPrDwmP1+SMHXZhtLtJv90yiyVfluGsX5iNCVkrhQtU3TQHsUWPG9wkdk9Lgd5yNpAg9jQEo90CBaXgWMA==,
      }
    engines: { node: '>=4' }

  js-tokens@4.0.0:
    resolution:
      {
        integrity: sha512-RdJUflcE3cUzKiMqQgsCu06FPu9UdIJO0beYbPhHN4k6apgJtifcoCtT9bcxOpYBtpD2kCM6Sbzg4CausW/PKQ==,
      }

  kind-of@6.0.2:
    resolution:
      {
        integrity: sha512-s5kLOcnH0XqDO+FvuaLX8DDjZ18CGFk7VygH40QoKPUQhW4e2rvM0rwUq0t8IQDOwYSeLK01U90OjzBTme2QqA==,
      }
    engines: { node: '>=0.10.0' }

  loose-envify@1.4.0:
    resolution:
      {
        integrity: sha512-lyuxPGr/Wfhrlem2CL/UcnUc1zcqKAImBDzukY7Y5F/yQiNdko6+fRLevlw1HgMySw7f611UIY408EtxRSoK3Q==,
      }
    hasBin: true

  react-dom@18.3.1:
    resolution:
      {
        integrity: sha512-5m4nQKp+rZRb09LNH59GM4BxTh9251/ylbKIbpe7TpGxfJ+9kv6BLkLBXIjjspbgbnIBNqlI23tRnTWT0snUIw==,
      }
    peerDependencies:
      react: ^18.3.1

  react@18.3.1:
    resolution:
      {
        integrity: sha512-wS+hAgJShR0KhEvPJArfuPVN1+Hz1t0Y6n5jLrGQbkb4urgPE/0Rve+1kMB1v/oWgHgm4WIcV+i7F2pTVj+2iQ==,
      }
    engines: { node: '>=0.10.0' }

  scheduler@0.23.2:
    resolution:
      {
        integrity: sha512-UOShsPwz7NrMUqhR6t0hWjFduvOzbtv7toDH1/hIrfRNIDBnnBWd0CwJTGvTpngVlmwGCdP9/Zl/tVrDqcuYzQ==,
      }

snapshots:
  is-number@6.0.0: {}

  is-number@7.0.0: {}

  is-odd@3.0.1:
    dependencies:
      is-number: 6.0.0

  js-tokens@4.0.0: {}

  kind-of@6.0.2:
    optional: true

  loose-envify@1.4.0:
    dependencies:
      js-tokens: 4.0.0

  react-dom@18.3.1(react@18.3.1):
    dependencies:
      loose-envify: 1.4.0
      react: 18.3.1
      scheduler: 0.23.2

  react@18.3.1:
    dependencies:
      loose-envify: 1.4.0

  scheduler@0.23.2:
    dependencies:
      loose-envify: 1.4.0
